PODS:
  - Alamofire (2.0.2)
  - HTMLReader (0.9)
  - SVProgressHUD (1.1.3)

DEPENDENCIES:
  - Alamofire
  - HTMLReader
  - SVProgressHUD

SPEC CHECKSUMS:
  Alamofire: 8edbab00802a752bb5240cc2abe70e7e881488ad
  HTMLReader: d93d3db9fe26c28c2479bcc906d3e7453377a902
  SVProgressHUD: 748080e4f36e603f6c02aec292664239df5279c1

COCOAPODS: 0.39.0.beta.4
